// !$*UTF8*$!
{
	archiveVersion = 1;
	classes = {
	};
	objectVersion = 56;
	objects = {

/* Begin PBXBuildFile section */
		0C58467D2B302E33005B6C05 /* WahajApp.swift in Sources */ = {isa = PBXBuildFile; fileRef = 0C58467C2B302E33005B6C05 /* WahajApp.swift */; };
		0C58467F2B302E33005B6C05 /* ContentView.swift in Sources */ = {isa = PBXBuildFile; fileRef = 0C58467E2B302E33005B6C05 /* ContentView.swift */; };
		0C5846812B302E34005B6C05 /* Assets.xcassets in Resources */ = {isa = PBXBuildFile; fileRef = 0C5846802B302E34005B6C05 /* Assets.xcassets */; };
		0C5846842B302E34005B6C05 /* Preview Assets.xcassets in Resources */ = {isa = PBXBuildFile; fileRef = 0C5846832B302E34005B6C05 /* Preview Assets.xcassets */; };
		0C58468B2B3033D8005B6C05 /* StarsCategoryView.swift in Sources */ = {isa = PBXBuildFile; fileRef = 0C58468A2B3033D8005B6C05 /* StarsCategoryView.swift */; };
		0C5846912B303808005B6C05 /* Launch Screen.storyboard in Resources */ = {isa = PBXBuildFile; fileRef = 0C5846902B303808005B6C05 /* Launch Screen.storyboard */; };
		0C5846962B30AD2F005B6C05 /* Localizable.strings in Resources */ = {isa = PBXBuildFile; fileRef = 0C5846982B30AD2F005B6C05 /* Localizable.strings */; };
		4B15DC502B32AB3F0098ECA0 /* NorthStar1.swift in Sources */ = {isa = PBXBuildFile; fileRef = 4B15DC4F2B32AB3F0098ECA0 /* NorthStar1.swift */; };
		4B15DC522B32AB570098ECA0 /* NorthStar2.swift in Sources */ = {isa = PBXBuildFile; fileRef = 4B15DC512B32AB570098ECA0 /* NorthStar2.swift */; };
		4B15DC542B32AB630098ECA0 /* NirthStar3.swift in Sources */ = {isa = PBXBuildFile; fileRef = 4B15DC532B32AB630098ECA0 /* NirthStar3.swift */; };
		4B15DC562B32AB6F0098ECA0 /* NorthStar4.swift in Sources */ = {isa = PBXBuildFile; fileRef = 4B15DC552B32AB6F0098ECA0 /* NorthStar4.swift */; };
		4B15DC582B32AB7C0098ECA0 /* NorthStar5.swift in Sources */ = {isa = PBXBuildFile; fileRef = 4B15DC572B32AB7C0098ECA0 /* NorthStar5.swift */; };
		4B15DC5A2B32AB8B0098ECA0 /* SouthStar1.swift in Sources */ = {isa = PBXBuildFile; fileRef = 4B15DC592B32AB8B0098ECA0 /* SouthStar1.swift */; };
		4B15DC5C2B32AB9C0098ECA0 /* SouthStar2.swift in Sources */ = {isa = PBXBuildFile; fileRef = 4B15DC5B2B32AB9C0098ECA0 /* SouthStar2.swift */; };
		4B15DC5E2B32ABA80098ECA0 /* SouthStar3.swift in Sources */ = {isa = PBXBuildFile; fileRef = 4B15DC5D2B32ABA80098ECA0 /* SouthStar3.swift */; };
		4B15DC602B32ABB60098ECA0 /* SouthStar4.swift in Sources */ = {isa = PBXBuildFile; fileRef = 4B15DC5F2B32ABB60098ECA0 /* SouthStar4.swift */; };
		4B15DC622B32ABC20098ECA0 /* SouthStar5.swift in Sources */ = {isa = PBXBuildFile; fileRef = 4B15DC612B32ABC20098ECA0 /* SouthStar5.swift */; };
		A38B416F2B31A2180044E418 /* NorthMapView.swift in Sources */ = {isa = PBXBuildFile; fileRef = A38B416E2B31A2180044E418 /* NorthMapView.swift */; };
		A38B41712B31A2400044E418 /* SouthMapView.swift in Sources */ = {isa = PBXBuildFile; fileRef = A38B41702B31A2400044E418 /* SouthMapView.swift */; };
/* End PBXBuildFile section */

/* Begin PBXFileReference section */
		0C5846792B302E33005B6C05 /* Wahaj.app */ = {isa = PBXFileReference; explicitFileType = wrapper.application; includeInIndex = 0; path = Wahaj.app; sourceTree = BUILT_PRODUCTS_DIR; };
		0C58467C2B302E33005B6C05 /* WahajApp.swift */ = {isa = PBXFileReference; lastKnownFileType = sourcecode.swift; path = WahajApp.swift; sourceTree = "<group>"; };
		0C58467E2B302E33005B6C05 /* ContentView.swift */ = {isa = PBXFileReference; lastKnownFileType = sourcecode.swift; path = ContentView.swift; sourceTree = "<group>"; };
		0C5846802B302E34005B6C05 /* Assets.xcassets */ = {isa = PBXFileReference; lastKnownFileType = folder.assetcatalog; path = Assets.xcassets; sourceTree = "<group>"; };
		0C5846832B302E34005B6C05 /* Preview Assets.xcassets */ = {isa = PBXFileReference; lastKnownFileType = folder.assetcatalog; path = "Preview Assets.xcassets"; sourceTree = "<group>"; };
		0C58468A2B3033D8005B6C05 /* StarsCategoryView.swift */ = {isa = PBXFileReference; lastKnownFileType = sourcecode.swift; path = StarsCategoryView.swift; sourceTree = "<group>"; };
		0C5846902B303808005B6C05 /* Launch Screen.storyboard */ = {isa = PBXFileReference; lastKnownFileType = file.storyboard; path = "Launch Screen.storyboard"; sourceTree = "<group>"; };
		0C5846972B30AD2F005B6C05 /* en */ = {isa = PBXFileReference; lastKnownFileType = text.plist.strings; name = en; path = en.lproj/Localizable.strings; sourceTree = "<group>"; };
		0C5846992B30AE3A005B6C05 /* ar */ = {isa = PBXFileReference; lastKnownFileType = text.plist.strings; name = ar; path = ar.lproj/Localizable.strings; sourceTree = "<group>"; };
		4B15DC4F2B32AB3F0098ECA0 /* NorthStar1.swift */ = {isa = PBXFileReference; lastKnownFileType = sourcecode.swift; path = NorthStar1.swift; sourceTree = "<group>"; };
		4B15DC512B32AB570098ECA0 /* NorthStar2.swift */ = {isa = PBXFileReference; lastKnownFileType = sourcecode.swift; path = NorthStar2.swift; sourceTree = "<group>"; };
		4B15DC532B32AB630098ECA0 /* NirthStar3.swift */ = {isa = PBXFileReference; lastKnownFileType = sourcecode.swift; path = NirthStar3.swift; sourceTree = "<group>"; };
		4B15DC552B32AB6F0098ECA0 /* NorthStar4.swift */ = {isa = PBXFileReference; lastKnownFileType = sourcecode.swift; path = NorthStar4.swift; sourceTree = "<group>"; };
		4B15DC572B32AB7C0098ECA0 /* NorthStar5.swift */ = {isa = PBXFileReference; lastKnownFileType = sourcecode.swift; path = NorthStar5.swift; sourceTree = "<group>"; };
		4B15DC592B32AB8B0098ECA0 /* SouthStar1.swift */ = {isa = PBXFileReference; lastKnownFileType = sourcecode.swift; path = SouthStar1.swift; sourceTree = "<group>"; };
		4B15DC5B2B32AB9C0098ECA0 /* SouthStar2.swift */ = {isa = PBXFileReference; lastKnownFileType = sourcecode.swift; path = SouthStar2.swift; sourceTree = "<group>"; };
		4B15DC5D2B32ABA80098ECA0 /* SouthStar3.swift */ = {isa = PBXFileReference; lastKnownFileType = sourcecode.swift; path = SouthStar3.swift; sourceTree = "<group>"; };
		4B15DC5F2B32ABB60098ECA0 /* SouthStar4.swift */ = {isa = PBXFileReference; lastKnownFileType = sourcecode.swift; path = SouthStar4.swift; sourceTree = "<group>"; };
		4B15DC612B32ABC20098ECA0 /* SouthStar5.swift */ = {isa = PBXFileReference; lastKnownFileType = sourcecode.swift; path = SouthStar5.swift; sourceTree = "<group>"; };
		A38B416E2B31A2180044E418 /* NorthMapView.swift */ = {isa = PBXFileReference; lastKnownFileType = sourcecode.swift; path = NorthMapView.swift; sourceTree = "<group>"; };
		A38B41702B31A2400044E418 /* SouthMapView.swift */ = {isa = PBXFileReference; lastKnownFileType = sourcecode.swift; path = SouthMapView.swift; sourceTree = "<group>"; };
/* End PBXFileReference section */

/* Begin PBXFrameworksBuildPhase section */
		0C5846762B302E33005B6C05 /* Frameworks */ = {
			isa = PBXFrameworksBuildPhase;
			buildActionMask = 2147483647;
			files = (
			);
			runOnlyForDeploymentPostprocessing = 0;
		};
/* End PBXFrameworksBuildPhase section */

/* Begin PBXGroup section */
		0C5846702B302E33005B6C05 = {
			isa = PBXGroup;
			children = (
				0C58467B2B302E33005B6C05 /* Wahaj */,
				0C58467A2B302E33005B6C05 /* Products */,
			);
			sourceTree = "<group>";
		};
		0C58467A2B302E33005B6C05 /* Products */ = {
			isa = PBXGroup;
			children = (
				0C5846792B302E33005B6C05 /* Wahaj.app */,
			);
			name = Products;
			sourceTree = "<group>";
		};
		0C58467B2B302E33005B6C05 /* Wahaj */ = {
			isa = PBXGroup;
			children = (
				0C58467C2B302E33005B6C05 /* WahajApp.swift */,
				0C58467E2B302E33005B6C05 /* ContentView.swift */,
				0C5846982B30AD2F005B6C05 /* Localizable.strings */,
				0C58468A2B3033D8005B6C05 /* StarsCategoryView.swift */,
				A38B416E2B31A2180044E418 /* NorthMapView.swift */,
				A38B41702B31A2400044E418 /* SouthMapView.swift */,
				4B15DC4F2B32AB3F0098ECA0 /* NorthStar1.swift */,
				4B15DC512B32AB570098ECA0 /* NorthStar2.swift */,
				4B15DC532B32AB630098ECA0 /* NirthStar3.swift */,
				4B15DC552B32AB6F0098ECA0 /* NorthStar4.swift */,
				4B15DC572B32AB7C0098ECA0 /* NorthStar5.swift */,
				4B15DC592B32AB8B0098ECA0 /* SouthStar1.swift */,
				4B15DC5B2B32AB9C0098ECA0 /* SouthStar2.swift */,
				4B15DC5D2B32ABA80098ECA0 /* SouthStar3.swift */,
				4B15DC5F2B32ABB60098ECA0 /* SouthStar4.swift */,
				4B15DC612B32ABC20098ECA0 /* SouthStar5.swift */,
				0C5846902B303808005B6C05 /* Launch Screen.storyboard */,
				0C5846802B302E34005B6C05 /* Assets.xcassets */,
				0C5846822B302E34005B6C05 /* Preview Content */,
			);
			path = Wahaj;
			sourceTree = "<group>";
		};
		0C5846822B302E34005B6C05 /* Preview Content */ = {
			isa = PBXGroup;
			children = (
				0C5846832B302E34005B6C05 /* Preview Assets.xcassets */,
			);
			path = "Preview Content";
			sourceTree = "<group>";
		};
/* End PBXGroup section */

/* Begin PBXNativeTarget section */
		0C5846782B302E33005B6C05 /* Wahaj */ = {
			isa = PBXNativeTarget;
			buildConfigurationList = 0C5846872B302E34005B6C05 /* Build configuration list for PBXNativeTarget "Wahaj" */;
			buildPhases = (
				0C5846752B302E33005B6C05 /* Sources */,
				0C5846762B302E33005B6C05 /* Frameworks */,
				0C5846772B302E33005B6C05 /* Resources */,
			);
			buildRules = (
			);
			dependencies = (
			);
			name = Wahaj;
			productName = Wahaj;
			productReference = 0C5846792B302E33005B6C05 /* Wahaj.app */;
			productType = "com.apple.product-type.application";
		};
/* End PBXNativeTarget section */

/* Begin PBXProject section */
		0C5846712B302E33005B6C05 /* Project object */ = {
			isa = PBXProject;
			attributes = {
				BuildIndependentTargetsInParallel = 1;
				LastSwiftUpdateCheck = 1500;
				LastUpgradeCheck = 1500;
				TargetAttributes = {
					0C5846782B302E33005B6C05 = {
						CreatedOnToolsVersion = 15.0.1;
					};
				};
			};
			buildConfigurationList = 0C5846742B302E33005B6C05 /* Build configuration list for PBXProject "Wahaj" */;
			compatibilityVersion = "Xcode 14.0";
			developmentRegion = en;
			hasScannedForEncodings = 0;
			knownRegions = (
				en,
				Base,
				ar,
			);
			mainGroup = 0C5846702B302E33005B6C05;
			productRefGroup = 0C58467A2B302E33005B6C05 /* Products */;
			projectDirPath = "";
			projectRoot = "";
			targets = (
				0C5846782B302E33005B6C05 /* Wahaj */,
			);
		};
/* End PBXProject section */

/* Begin PBXResourcesBuildPhase section */
		0C5846772B302E33005B6C05 /* Resources */ = {
			isa = PBXResourcesBuildPhase;
			buildActionMask = 2147483647;
			files = (
				0C5846912B303808005B6C05 /* Launch Screen.storyboard in Resources */,
				0C5846962B30AD2F005B6C05 /* Localizable.strings in Resources */,
				0C5846842B302E34005B6C05 /* Preview Assets.xcassets in Resources */,
				0C5846812B302E34005B6C05 /* Assets.xcassets in Resources */,
			);
			runOnlyForDeploymentPostprocessing = 0;
		};
/* End PBXResourcesBuildPhase section */

/* Begin PBXSourcesBuildPhase section */
		0C5846752B302E33005B6C05 /* Sources */ = {
			isa = PBXSourcesBuildPhase;
			buildActionMask = 2147483647;
			files = (
				0C58468B2B3033D8005B6C05 /* StarsCategoryView.swift in Sources */,
				4B15DC502B32AB3F0098ECA0 /* NorthStar1.swift in Sources */,
				4B15DC5E2B32ABA80098ECA0 /* SouthStar3.swift in Sources */,
				4B15DC622B32ABC20098ECA0 /* SouthStar5.swift in Sources */,
				0C58467F2B302E33005B6C05 /* ContentView.swift in Sources */,
				4B15DC602B32ABB60098ECA0 /* SouthStar4.swift in Sources */,
				4B15DC522B32AB570098ECA0 /* NorthStar2.swift in Sources */,
				A38B416F2B31A2180044E418 /* NorthMapView.swift in Sources */,
				4B15DC5A2B32AB8B0098ECA0 /* SouthStar1.swift in Sources */,
				4B15DC5C2B32AB9C0098ECA0 /* SouthStar2.swift in Sources */,
				4B15DC542B32AB630098ECA0 /* NirthStar3.swift in Sources */,
				A38B41712B31A2400044E418 /* SouthMapView.swift in Sources */,
				4B15DC562B32AB6F0098ECA0 /* NorthStar4.swift in Sources */,
				0C58467D2B302E33005B6C05 /* WahajApp.swift in Sources */,
				4B15DC582B32AB7C0098ECA0 /* NorthStar5.swift in Sources */,
			);
			runOnlyForDeploymentPostprocessing = 0;
		};
/* End PBXSourcesBuildPhase section */

/* Begin PBXVariantGroup section */
		0C5846982B30AD2F005B6C05 /* Localizable.strings */ = {
			isa = PBXVariantGroup;
			children = (
				0C5846972B30AD2F005B6C05 /* en */,
				0C5846992B30AE3A005B6C05 /* ar */,
			);
			name = Localizable.strings;
			sourceTree = "<group>";
		};
/* End PBXVariantGroup section */

/* Begin XCBuildConfiguration section */
		0C5846852B302E34005B6C05 /* Debug */ = {
			isa = XCBuildConfiguration;
			buildSettings = {
				ALWAYS_SEARCH_USER_PATHS = NO;
				ASSETCATALOG_COMPILER_GENERATE_SWIFT_ASSET_SYMBOL_EXTENSIONS = YES;
				CLANG_ANALYZER_LOCALIZABILITY_NONLOCALIZED = YES;
				CLANG_ANALYZER_NONNULL = YES;
				CLANG_ANALYZER_NUMBER_OBJECT_CONVERSION = YES_AGGRESSIVE;
				CLANG_CXX_LANGUAGE_STANDARD = "gnu++20";
				CLANG_ENABLE_MODULES = YES;
				CLANG_ENABLE_OBJC_ARC = YES;
				CLANG_ENABLE_OBJC_WEAK = YES;
				CLANG_WARN_BLOCK_CAPTURE_AUTORELEASING = YES;
				CLANG_WARN_BOOL_CONVERSION = YES;
				CLANG_WARN_COMMA = YES;
				CLANG_WARN_CONSTANT_CONVERSION = YES;
				CLANG_WARN_DEPRECATED_OBJC_IMPLEMENTATIONS = YES;
				CLANG_WARN_DIRECT_OBJC_ISA_USAGE = YES_ERROR;
				CLANG_WARN_DOCUMENTATION_COMMENTS = YES;
				CLANG_WARN_EMPTY_BODY = YES;
				CLANG_WARN_ENUM_CONVERSION = YES;
				CLANG_WARN_INFINITE_RECURSION = YES;
				CLANG_WARN_INT_CONVERSION = YES;
				CLANG_WARN_NON_LITERAL_NULL_CONVERSION = YES;
				CLANG_WARN_OBJC_IMPLICIT_RETAIN_SELF = YES;
				CLANG_WARN_OBJC_LITERAL_CONVERSION = YES;
				CLANG_WARN_OBJC_ROOT_CLASS = YES_ERROR;
				CLANG_WARN_QUOTED_INCLUDE_IN_FRAMEWORK_HEADER = YES;
				CLANG_WARN_RANGE_LOOP_ANALYSIS = YES;
				CLANG_WARN_STRICT_PROTOTYPES = YES;
				CLANG_WARN_SUSPICIOUS_MOVE = YES;
				CLANG_WARN_UNGUARDED_AVAILABILITY = YES_AGGRESSIVE;
				CLANG_WARN_UNREACHABLE_CODE = YES;
				CLANG_WARN__DUPLICATE_METHOD_MATCH = YES;
				COPY_PHASE_STRIP = NO;
				DEBUG_INFORMATION_FORMAT = dwarf;
				ENABLE_STRICT_OBJC_MSGSEND = YES;
				ENABLE_TESTABILITY = YES;
				ENABLE_USER_SCRIPT_SANDBOXING = YES;
				GCC_C_LANGUAGE_STANDARD = gnu17;
				GCC_DYNAMIC_NO_PIC = NO;
				GCC_NO_COMMON_BLOCKS = YES;
				GCC_OPTIMIZATION_LEVEL = 0;
				GCC_PREPROCESSOR_DEFINITIONS = (
					"DEBUG=1",
					"$(inherited)",
				);
				GCC_WARN_64_TO_32_BIT_CONVERSION = YES;
				GCC_WARN_ABOUT_RETURN_TYPE = YES_ERROR;
				GCC_WARN_UNDECLARED_SELECTOR = YES;
				GCC_WARN_UNINITIALIZED_AUTOS = YES_AGGRESSIVE;
				GCC_WARN_UNUSED_FUNCTION = YES;
				GCC_WARN_UNUSED_VARIABLE = YES;
				IPHONEOS_DEPLOYMENT_TARGET = 17.0;
				LOCALIZATION_PREFERS_STRING_CATALOGS = YES;
				MTL_ENABLE_DEBUG_INFO = INCLUDE_SOURCE;
				MTL_FAST_MATH = YES;
				ONLY_ACTIVE_ARCH = YES;
				SDKROOT = iphoneos;
				SWIFT_ACTIVE_COMPILATION_CONDITIONS = "DEBUG $(inherited)";
				SWIFT_OPTIMIZATION_LEVEL = "-Onone";
			};
			name = Debug;
		};
		0C5846862B302E34005B6C05 /* Release */ = {
			isa = XCBuildConfiguration;
			buildSettings = {
				ALWAYS_SEARCH_USER_PATHS = NO;
				ASSETCATALOG_COMPILER_GENERATE_SWIFT_ASSET_SYMBOL_EXTENSIONS = YES;
				CLANG_ANALYZER_LOCALIZABILITY_NONLOCALIZED = YES;
				CLANG_ANALYZER_NONNULL = YES;
				CLANG_ANALYZER_NUMBER_OBJECT_CONVERSION = YES_AGGRESSIVE;
				CLANG_CXX_LANGUAGE_STANDARD = "gnu++20";
				CLANG_ENABLE_MODULES = YES;
				CLANG_ENABLE_OBJC_ARC = YES;
				CLANG_ENABLE_OBJC_WEAK = YES;
				CLANG_WARN_BLOCK_CAPTURE_AUTORELEASING = YES;
				CLANG_WARN_BOOL_CONVERSION = YES;
				CLANG_WARN_COMMA = YES;
				CLANG_WARN_CONSTANT_CONVERSION = YES;
				CLANG_WARN_DEPRECATED_OBJC_IMPLEMENTATIONS = YES;
				CLANG_WARN_DIRECT_OBJC_ISA_USAGE = YES_ERROR;
				CLANG_WARN_DOCUMENTATION_COMMENTS = YES;
				CLANG_WARN_EMPTY_BODY = YES;
				CLANG_WARN_ENUM_CONVERSION = YES;
				CLANG_WARN_INFINITE_RECURSION = YES;
				CLANG_WARN_INT_CONVERSION = YES;
				CLANG_WARN_NON_LITERAL_NULL_CONVERSION = YES;
				CLANG_WARN_OBJC_IMPLICIT_RETAIN_SELF = YES;
				CLANG_WARN_OBJC_LITERAL_CONVERSION = YES;
				CLANG_WARN_OBJC_ROOT_CLASS = YES_ERROR;
				CLANG_WARN_QUOTED_INCLUDE_IN_FRAMEWORK_HEADER = YES;
				CLANG_WARN_RANGE_LOOP_ANALYSIS = YES;
				CLANG_WARN_STRICT_PROTOTYPES = YES;
				CLANG_WARN_SUSPICIOUS_MOVE = YES;
				CLANG_WARN_UNGUARDED_AVAILABILITY = YES_AGGRESSIVE;
				CLANG_WARN_UNREACHABLE_CODE = YES;
				CLANG_WARN__DUPLICATE_METHOD_MATCH = YES;
				COPY_PHASE_STRIP = NO;
				DEBUG_INFORMATION_FORMAT = "dwarf-with-dsym";
				ENABLE_NS_ASSERTIONS = NO;
				ENABLE_STRICT_OBJC_MSGSEND = YES;
				ENABLE_USER_SCRIPT_SANDBOXING = YES;
				GCC_C_LANGUAGE_STANDARD = gnu17;
				GCC_NO_COMMON_BLOCKS = YES;
				GCC_WARN_64_TO_32_BIT_CONVERSION = YES;
				GCC_WARN_ABOUT_RETURN_TYPE = YES_ERROR;
				GCC_WARN_UNDECLARED_SELECTOR = YES;
				GCC_WARN_UNINITIALIZED_AUTOS = YES_AGGRESSIVE;
				GCC_WARN_UNUSED_FUNCTION = YES;
				GCC_WARN_UNUSED_VARIABLE = YES;
				IPHONEOS_DEPLOYMENT_TARGET = 17.0;
				LOCALIZATION_PREFERS_STRING_CATALOGS = YES;
				MTL_ENABLE_DEBUG_INFO = NO;
				MTL_FAST_MATH = YES;
				SDKROOT = iphoneos;
				SWIFT_COMPILATION_MODE = wholemodule;
				VALIDATE_PRODUCT = YES;
			};
			name = Release;
		};
		0C5846882B302E34005B6C05 /* Debug */ = {
			isa = XCBuildConfiguration;
			buildSettings = {
				ASSETCATALOG_COMPILER_APPICON_NAME = AppIcon;
				ASSETCATALOG_COMPILER_GLOBAL_ACCENT_COLOR_NAME = AccentColor;
				CODE_SIGN_STYLE = Automatic;
				CURRENT_PROJECT_VERSION = 1;
				DEVELOPMENT_ASSET_PATHS = "\"Wahaj/Preview Content\"";
				DEVELOPMENT_TEAM = MBLVKU6SRR;
				ENABLE_PREVIEWS = YES;
				GENERATE_INFOPLIST_FILE = YES;
				INFOPLIST_KEY_UIApplicationSceneManifest_Generation = YES;
				INFOPLIST_KEY_UIApplicationSupportsIndirectInputEvents = YES;
				INFOPLIST_KEY_UILaunchScreen_Generation = YES;
				INFOPLIST_KEY_UISupportedInterfaceOrientations_iPad = "UIInterfaceOrientationPortrait UIInterfaceOrientationPortraitUpsideDown UIInterfaceOrientationLandscapeLeft UIInterfaceOrientationLandscapeRight";
				INFOPLIST_KEY_UISupportedInterfaceOrientations_iPhone = "UIInterfaceOrientationPortrait UIInterfaceOrientationLandscapeLeft UIInterfaceOrientationLandscapeRight";
				LD_RUNPATH_SEARCH_PATHS = (
					"$(inherited)",
					"@executable_path/Frameworks",
				);
				MARKETING_VERSION = 1.0;
				PRODUCT_BUNDLE_IDENTIFIER = apple.Wahaj;
				PRODUCT_NAME = "$(TARGET_NAME)";
				SWIFT_EMIT_LOC_STRINGS = YES;
				SWIFT_VERSION = 5.0;
				TARGETED_DEVICE_FAMILY = "1,2";
			};
			name = Debug;
		};
		0C5846892B302E34005B6C05 /* Release */ = {
			isa = XCBuildConfiguration;
			buildSettings = {
				ASSETCATALOG_COMPILER_APPICON_NAME = AppIcon;
				ASSETCATALOG_COMPILER_GLOBAL_ACCENT_COLOR_NAME = AccentColor;
				CODE_SIGN_STYLE = Automatic;
				CURRENT_PROJECT_VERSION = 1;
				DEVELOPMENT_ASSET_PATHS = "\"Wahaj/Preview Content\"";
				DEVELOPMENT_TEAM = MBLVKU6SRR;
				ENABLE_PREVIEWS = YES;
				GENERATE_INFOPLIST_FILE = YES;
				INFOPLIST_KEY_UIApplicationSceneManifest_Generation = YES;
				INFOPLIST_KEY_UIApplicationSupportsIndirectInputEvents = YES;
				INFOPLIST_KEY_UILaunchScreen_Generation = YES;
				INFOPLIST_KEY_UISupportedInterfaceOrientations_iPad = "UIInterfaceOrientationPortrait UIInterfaceOrientationPortraitUpsideDown UIInterfaceOrientationLandscapeLeft UIInterfaceOrientationLandscapeRight";
				INFOPLIST_KEY_UISupportedInterfaceOrientations_iPhone = "UIInterfaceOrientationPortrait UIInterfaceOrientationLandscapeLeft UIInterfaceOrientationLandscapeRight";
				LD_RUNPATH_SEARCH_PATHS = (
					"$(inherited)",
					"@executable_path/Frameworks",
				);
				MARKETING_VERSION = 1.0;
				PRODUCT_BUNDLE_IDENTIFIER = apple.Wahaj;
				PRODUCT_NAME = "$(TARGET_NAME)";
				SWIFT_EMIT_LOC_STRINGS = YES;
				SWIFT_VERSION = 5.0;
				TARGETED_DEVICE_FAMILY = "1,2";
			};
			name = Release;
		};
/* End XCBuildConfiguration section */

/* Begin XCConfigurationList section */
		0C5846742B302E33005B6C05 /* Build configuration list for PBXProject "Wahaj" */ = {
			isa = XCConfigurationList;
			buildConfigurations = (
				0C5846852B302E34005B6C05 /* Debug */,
				0C5846862B302E34005B6C05 /* Release */,
			);
			defaultConfigurationIsVisible = 0;
			defaultConfigurationName = Release;
		};
		0C5846872B302E34005B6C05 /* Build configuration list for PBXNativeTarget "Wahaj" */ = {
			isa = XCConfigurationList;
			buildConfigurations = (
				0C5846882B302E34005B6C05 /* Debug */,
				0C5846892B302E34005B6C05 /* Release */,
			);
			defaultConfigurationIsVisible = 0;
			defaultConfigurationName = Release;
		};
/* End XCConfigurationList section */
	};
	rootObject = 0C5846712B302E33005B6C05 /* Project object */;
}
